// !$*UTF8*$!
{
	archiveVersion = 1;
	classes = {
	};
	objectVersion = 50;
	objects = {

/* Begin PBXBuildFile section */
		7101887526CDC1EF004D00A3 /* LocationCell.swift in Sources */ = {isa = PBXBuildFile; fileRef = 7101887426CDC1EE004D00A3 /* LocationCell.swift */; };
		7101887726CDC229004D00A3 /* AvatarView.swift in Sources */ = {isa = PBXBuildFile; fileRef = 7101887626CDC229004D00A3 /* AvatarView.swift */; };
		7101887B26CDCB8A004D00A3 /* CustomModifiers.swift in Sources */ = {isa = PBXBuildFile; fileRef = 7101887A26CDCB8A004D00A3 /* CustomModifiers.swift */; };
		7101887F26CDCBBC004D00A3 /* View+Ext.swift in Sources */ = {isa = PBXBuildFile; fileRef = 7101887E26CDCBBC004D00A3 /* View+Ext.swift */; };
		7101888126CEC236004D00A3 /* DDGButton.swift in Sources */ = {isa = PBXBuildFile; fileRef = 7101888026CEC236004D00A3 /* DDGButton.swift */; };
		7104186926A941E300443BEA /* DubDubGrubApp.swift in Sources */ = {isa = PBXBuildFile; fileRef = 7104186826A941E300443BEA /* DubDubGrubApp.swift */; };
		7104186D26A941E600443BEA /* Assets.xcassets in Resources */ = {isa = PBXBuildFile; fileRef = 7104186C26A941E600443BEA /* Assets.xcassets */; };
		7104187026A941E600443BEA /* Preview Assets.xcassets in Resources */ = {isa = PBXBuildFile; fileRef = 7104186F26A941E600443BEA /* Preview Assets.xcassets */; };
		7104187A26A9423800443BEA /* CloudKit.framework in Frameworks */ = {isa = PBXBuildFile; fileRef = 7104187926A9423800443BEA /* CloudKit.framework */; };
		7104187C26A9454600443BEA /* Color+Ext.swift in Sources */ = {isa = PBXBuildFile; fileRef = 7104187B26A9454600443BEA /* Color+Ext.swift */; };
		7104187E26A945C100443BEA /* AppTabView.swift in Sources */ = {isa = PBXBuildFile; fileRef = 7104187D26A945C100443BEA /* AppTabView.swift */; };
		7104188026A9464000443BEA /* LocationMapView.swift in Sources */ = {isa = PBXBuildFile; fileRef = 7104187F26A9464000443BEA /* LocationMapView.swift */; };
		7104188226A9465C00443BEA /* LocationListView.swift in Sources */ = {isa = PBXBuildFile; fileRef = 7104188126A9465C00443BEA /* LocationListView.swift */; };
		7104188426A9466D00443BEA /* ProfileView.swift in Sources */ = {isa = PBXBuildFile; fileRef = 7104188326A9466D00443BEA /* ProfileView.swift */; };
		715E809726B1126F0050A4C6 /* LocationDetailView.swift in Sources */ = {isa = PBXBuildFile; fileRef = 715E809626B1126F0050A4C6 /* LocationDetailView.swift */; };
		71C0502527042ECD00E151FB /* DDGLocation.swift in Sources */ = {isa = PBXBuildFile; fileRef = 71C0502427042ECD00E151FB /* DDGLocation.swift */; };
		71C050272704327400E151FB /* DDGProfile.swift in Sources */ = {isa = PBXBuildFile; fileRef = 71C050262704327400E151FB /* DDGProfile.swift */; };
		71C050292704341300E151FB /* MockData.swift in Sources */ = {isa = PBXBuildFile; fileRef = 71C050282704341300E151FB /* MockData.swift */; };
		71C0502C2706961900E151FB /* CloudKitManager.swift in Sources */ = {isa = PBXBuildFile; fileRef = 71C0502B2706961900E151FB /* CloudKitManager.swift */; };
		71C0502E270696F900E151FB /* Constants.swift in Sources */ = {isa = PBXBuildFile; fileRef = 71C0502D270696F900E151FB /* Constants.swift */; };
		71C0503027069A6F00E151FB /* CKRecord+Ext.swift in Sources */ = {isa = PBXBuildFile; fileRef = 71C0502F27069A6F00E151FB /* CKRecord+Ext.swift */; };
		71C0503227069B7600E151FB /* AlertItem.swift in Sources */ = {isa = PBXBuildFile; fileRef = 71C0503127069B7600E151FB /* AlertItem.swift */; };
		71C0503527069F6700E151FB /* LocationMapViewModel.swift in Sources */ = {isa = PBXBuildFile; fileRef = 71C0503427069F6700E151FB /* LocationMapViewModel.swift */; };
		71C050382706A33C00E151FB /* LocationManager.swift in Sources */ = {isa = PBXBuildFile; fileRef = 71C050372706A33C00E151FB /* LocationManager.swift */; };
/* End PBXBuildFile section */

/* Begin PBXFileReference section */
		7101887426CDC1EE004D00A3 /* LocationCell.swift */ = {isa = PBXFileReference; lastKnownFileType = sourcecode.swift; path = LocationCell.swift; sourceTree = "<group>"; };
		7101887626CDC229004D00A3 /* AvatarView.swift */ = {isa = PBXFileReference; lastKnownFileType = sourcecode.swift; path = AvatarView.swift; sourceTree = "<group>"; };
		7101887A26CDCB8A004D00A3 /* CustomModifiers.swift */ = {isa = PBXFileReference; lastKnownFileType = sourcecode.swift; path = CustomModifiers.swift; sourceTree = "<group>"; };
		7101887E26CDCBBC004D00A3 /* View+Ext.swift */ = {isa = PBXFileReference; lastKnownFileType = sourcecode.swift; path = "View+Ext.swift"; sourceTree = "<group>"; };
		7101888026CEC236004D00A3 /* DDGButton.swift */ = {isa = PBXFileReference; lastKnownFileType = sourcecode.swift; path = DDGButton.swift; sourceTree = "<group>"; };
		7104186526A941E300443BEA /* DubDubGrub.app */ = {isa = PBXFileReference; explicitFileType = wrapper.application; includeInIndex = 0; path = DubDubGrub.app; sourceTree = BUILT_PRODUCTS_DIR; };
		7104186826A941E300443BEA /* DubDubGrubApp.swift */ = {isa = PBXFileReference; lastKnownFileType = sourcecode.swift; path = DubDubGrubApp.swift; sourceTree = "<group>"; };
		7104186C26A941E600443BEA /* Assets.xcassets */ = {isa = PBXFileReference; lastKnownFileType = folder.assetcatalog; path = Assets.xcassets; sourceTree = "<group>"; };
		7104186F26A941E600443BEA /* Preview Assets.xcassets */ = {isa = PBXFileReference; lastKnownFileType = folder.assetcatalog; path = "Preview Assets.xcassets"; sourceTree = "<group>"; };
		7104187126A941E600443BEA /* Info.plist */ = {isa = PBXFileReference; lastKnownFileType = text.plist.xml; path = Info.plist; sourceTree = "<group>"; };
		7104187726A9422F00443BEA /* DubDubGrub.entitlements */ = {isa = PBXFileReference; lastKnownFileType = text.plist.entitlements; path = DubDubGrub.entitlements; sourceTree = "<group>"; };
		7104187926A9423800443BEA /* CloudKit.framework */ = {isa = PBXFileReference; lastKnownFileType = wrapper.framework; name = CloudKit.framework; path = System/Library/Frameworks/CloudKit.framework; sourceTree = SDKROOT; };
		7104187B26A9454600443BEA /* Color+Ext.swift */ = {isa = PBXFileReference; lastKnownFileType = sourcecode.swift; path = "Color+Ext.swift"; sourceTree = "<group>"; };
		7104187D26A945C100443BEA /* AppTabView.swift */ = {isa = PBXFileReference; lastKnownFileType = sourcecode.swift; path = AppTabView.swift; sourceTree = "<group>"; };
		7104187F26A9464000443BEA /* LocationMapView.swift */ = {isa = PBXFileReference; lastKnownFileType = sourcecode.swift; path = LocationMapView.swift; sourceTree = "<group>"; };
		7104188126A9465C00443BEA /* LocationListView.swift */ = {isa = PBXFileReference; lastKnownFileType = sourcecode.swift; path = LocationListView.swift; sourceTree = "<group>"; };
		7104188326A9466D00443BEA /* ProfileView.swift */ = {isa = PBXFileReference; lastKnownFileType = sourcecode.swift; path = ProfileView.swift; sourceTree = "<group>"; };
		715E809626B1126F0050A4C6 /* LocationDetailView.swift */ = {isa = PBXFileReference; lastKnownFileType = sourcecode.swift; path = LocationDetailView.swift; sourceTree = "<group>"; };
		71C0502427042ECD00E151FB /* DDGLocation.swift */ = {isa = PBXFileReference; lastKnownFileType = sourcecode.swift; path = DDGLocation.swift; sourceTree = "<group>"; };
		71C050262704327400E151FB /* DDGProfile.swift */ = {isa = PBXFileReference; lastKnownFileType = sourcecode.swift; path = DDGProfile.swift; sourceTree = "<group>"; };
		71C050282704341300E151FB /* MockData.swift */ = {isa = PBXFileReference; lastKnownFileType = sourcecode.swift; path = MockData.swift; sourceTree = "<group>"; };
		71C0502B2706961900E151FB /* CloudKitManager.swift */ = {isa = PBXFileReference; lastKnownFileType = sourcecode.swift; path = CloudKitManager.swift; sourceTree = "<group>"; };
		71C0502D270696F900E151FB /* Constants.swift */ = {isa = PBXFileReference; lastKnownFileType = sourcecode.swift; path = Constants.swift; sourceTree = "<group>"; };
		71C0502F27069A6F00E151FB /* CKRecord+Ext.swift */ = {isa = PBXFileReference; lastKnownFileType = sourcecode.swift; path = "CKRecord+Ext.swift"; sourceTree = "<group>"; };
		71C0503127069B7600E151FB /* AlertItem.swift */ = {isa = PBXFileReference; lastKnownFileType = sourcecode.swift; path = AlertItem.swift; sourceTree = "<group>"; };
		71C0503427069F6700E151FB /* LocationMapViewModel.swift */ = {isa = PBXFileReference; lastKnownFileType = sourcecode.swift; path = LocationMapViewModel.swift; sourceTree = "<group>"; };
		71C050372706A33C00E151FB /* LocationManager.swift */ = {isa = PBXFileReference; lastKnownFileType = sourcecode.swift; path = LocationManager.swift; sourceTree = "<group>"; };
/* End PBXFileReference section */

/* Begin PBXFrameworksBuildPhase section */
		7104186226A941E300443BEA /* Frameworks */ = {
			isa = PBXFrameworksBuildPhase;
			buildActionMask = 2147483647;
			files = (
				7104187A26A9423800443BEA /* CloudKit.framework in Frameworks */,
			);
			runOnlyForDeploymentPostprocessing = 0;
		};
/* End PBXFrameworksBuildPhase section */

/* Begin PBXGroup section */
		7101888226CEC374004D00A3 /* Extensions */ = {
			isa = PBXGroup;
			children = (
				7104187B26A9454600443BEA /* Color+Ext.swift */,
				7101887E26CDCBBC004D00A3 /* View+Ext.swift */,
				71C0502F27069A6F00E151FB /* CKRecord+Ext.swift */,
			);
			path = Extensions;
			sourceTree = "<group>";
		};
		7101888326CEC38C004D00A3 /* Views */ = {
			isa = PBXGroup;
			children = (
				7101888626CEC3C5004D00A3 /* Custom Views */,
				7101888526CEC3B9004D00A3 /* Cells */,
				7101888426CEC399004D00A3 /* Screens */,
			);
			path = Views;
			sourceTree = "<group>";
		};
		7101888426CEC399004D00A3 /* Screens */ = {
			isa = PBXGroup;
			children = (
				71C0503327069F4D00E151FB /* LocationMapView */,
				715E809626B1126F0050A4C6 /* LocationDetailView.swift */,
				7104187D26A945C100443BEA /* AppTabView.swift */,
				7104188326A9466D00443BEA /* ProfileView.swift */,
				7104188126A9465C00443BEA /* LocationListView.swift */,
			);
			path = Screens;
			sourceTree = "<group>";
		};
		7101888526CEC3B9004D00A3 /* Cells */ = {
			isa = PBXGroup;
			children = (
				7101887426CDC1EE004D00A3 /* LocationCell.swift */,
			);
			path = Cells;
			sourceTree = "<group>";
		};
		7101888626CEC3C5004D00A3 /* Custom Views */ = {
			isa = PBXGroup;
			children = (
				7101887A26CDCB8A004D00A3 /* CustomModifiers.swift */,
				7101888026CEC236004D00A3 /* DDGButton.swift */,
				7101887626CDC229004D00A3 /* AvatarView.swift */,
			);
			path = "Custom Views";
			sourceTree = "<group>";
		};
		7104185C26A941E200443BEA = {
			isa = PBXGroup;
			children = (
				7104186726A941E300443BEA /* DubDubGrub */,
				7104186626A941E300443BEA /* Products */,
				7104187826A9423800443BEA /* Frameworks */,
			);
			sourceTree = "<group>";
		};
		7104186626A941E300443BEA /* Products */ = {
			isa = PBXGroup;
			children = (
				7104186526A941E300443BEA /* DubDubGrub.app */,
			);
			name = Products;
			sourceTree = "<group>";
		};
		7104186726A941E300443BEA /* DubDubGrub */ = {
			isa = PBXGroup;
			children = (
				71C0502A270695E100E151FB /* Utilities */,
				71C0502327042EBD00E151FB /* Model */,
				7101888326CEC38C004D00A3 /* Views */,
				7104187726A9422F00443BEA /* DubDubGrub.entitlements */,
				7104186826A941E300443BEA /* DubDubGrubApp.swift */,
				7104186C26A941E600443BEA /* Assets.xcassets */,
				7104187126A941E600443BEA /* Info.plist */,
				7104186E26A941E600443BEA /* Preview Content */,
			);
			path = DubDubGrub;
			sourceTree = "<group>";
		};
		7104186E26A941E600443BEA /* Preview Content */ = {
			isa = PBXGroup;
			children = (
				7104186F26A941E600443BEA /* Preview Assets.xcassets */,
			);
			path = "Preview Content";
			sourceTree = "<group>";
		};
		7104187826A9423800443BEA /* Frameworks */ = {
			isa = PBXGroup;
			children = (
				7104187926A9423800443BEA /* CloudKit.framework */,
			);
			name = Frameworks;
			sourceTree = "<group>";
		};
		71C0502327042EBD00E151FB /* Model */ = {
			isa = PBXGroup;
			children = (
				71C0502427042ECD00E151FB /* DDGLocation.swift */,
				71C050262704327400E151FB /* DDGProfile.swift */,
				71C050282704341300E151FB /* MockData.swift */,
			);
			path = Model;
			sourceTree = "<group>";
		};
		71C0502A270695E100E151FB /* Utilities */ = {
			isa = PBXGroup;
			children = (
				71C050362706A32D00E151FB /* Managers */,
				7101888226CEC374004D00A3 /* Extensions */,
				71C0502D270696F900E151FB /* Constants.swift */,
				71C0503127069B7600E151FB /* AlertItem.swift */,
			);
			path = Utilities;
			sourceTree = "<group>";
		};
		71C0503327069F4D00E151FB /* LocationMapView */ = {
			isa = PBXGroup;
			children = (
				71C0503427069F6700E151FB /* LocationMapViewModel.swift */,
				7104187F26A9464000443BEA /* LocationMapView.swift */,
			);
			path = LocationMapView;
			sourceTree = "<group>";
		};
		71C050362706A32D00E151FB /* Managers */ = {
			isa = PBXGroup;
			children = (
				71C0502B2706961900E151FB /* CloudKitManager.swift */,
				71C050372706A33C00E151FB /* LocationManager.swift */,
			);
			path = Managers;
			sourceTree = "<group>";
		};
/* End PBXGroup section */

/* Begin PBXNativeTarget section */
		7104186426A941E300443BEA /* DubDubGrub */ = {
			isa = PBXNativeTarget;
			buildConfigurationList = 7104187426A941E600443BEA /* Build configuration list for PBXNativeTarget "DubDubGrub" */;
			buildPhases = (
				7104186126A941E300443BEA /* Sources */,
				7104186226A941E300443BEA /* Frameworks */,
				7104186326A941E300443BEA /* Resources */,
			);
			buildRules = (
			);
			dependencies = (
			);
			name = DubDubGrub;
			productName = DubDubGrub;
			productReference = 7104186526A941E300443BEA /* DubDubGrub.app */;
			productType = "com.apple.product-type.application";
		};
/* End PBXNativeTarget section */

/* Begin PBXProject section */
		7104185D26A941E200443BEA /* Project object */ = {
			isa = PBXProject;
			attributes = {
				LastSwiftUpdateCheck = 1250;
				LastUpgradeCheck = 1250;
				TargetAttributes = {
					7104186426A941E300443BEA = {
						CreatedOnToolsVersion = 12.5.1;
					};
				};
			};
			buildConfigurationList = 7104186026A941E200443BEA /* Build configuration list for PBXProject "DubDubGrub" */;
			compatibilityVersion = "Xcode 9.3";
			developmentRegion = en;
			hasScannedForEncodings = 0;
			knownRegions = (
				en,
				Base,
			);
			mainGroup = 7104185C26A941E200443BEA;
			productRefGroup = 7104186626A941E300443BEA /* Products */;
			projectDirPath = "";
			projectRoot = "";
			targets = (
				7104186426A941E300443BEA /* DubDubGrub */,
			);
		};
/* End PBXProject section */

/* Begin PBXResourcesBuildPhase section */
		7104186326A941E300443BEA /* Resources */ = {
			isa = PBXResourcesBuildPhase;
			buildActionMask = 2147483647;
			files = (
				7104187026A941E600443BEA /* Preview Assets.xcassets in Resources */,
				7104186D26A941E600443BEA /* Assets.xcassets in Resources */,
			);
			runOnlyForDeploymentPostprocessing = 0;
		};
/* End PBXResourcesBuildPhase section */

/* Begin PBXSourcesBuildPhase section */
		7104186126A941E300443BEA /* Sources */ = {
			isa = PBXSourcesBuildPhase;
			buildActionMask = 2147483647;
			files = (
				7104186926A941E300443BEA /* DubDubGrubApp.swift in Sources */,
				71C0502E270696F900E151FB /* Constants.swift in Sources */,
				7101887B26CDCB8A004D00A3 /* CustomModifiers.swift in Sources */,
				7104188026A9464000443BEA /* LocationMapView.swift in Sources */,
				71C0503527069F6700E151FB /* LocationMapViewModel.swift in Sources */,
				7104188226A9465C00443BEA /* LocationListView.swift in Sources */,
				71C050292704341300E151FB /* MockData.swift in Sources */,
				715E809726B1126F0050A4C6 /* LocationDetailView.swift in Sources */,
				71C050272704327400E151FB /* DDGProfile.swift in Sources */,
				71C0502527042ECD00E151FB /* DDGLocation.swift in Sources */,
				7104187E26A945C100443BEA /* AppTabView.swift in Sources */,
				7104188426A9466D00443BEA /* ProfileView.swift in Sources */,
				71C0502C2706961900E151FB /* CloudKitManager.swift in Sources */,
				71C0503227069B7600E151FB /* AlertItem.swift in Sources */,
				7101887526CDC1EF004D00A3 /* LocationCell.swift in Sources */,
				7101887726CDC229004D00A3 /* AvatarView.swift in Sources */,
				71C0503027069A6F00E151FB /* CKRecord+Ext.swift in Sources */,
				71C050382706A33C00E151FB /* LocationManager.swift in Sources */,
				7101888126CEC236004D00A3 /* DDGButton.swift in Sources */,
				7104187C26A9454600443BEA /* Color+Ext.swift in Sources */,
				7101887F26CDCBBC004D00A3 /* View+Ext.swift in Sources */,
			);
			runOnlyForDeploymentPostprocessing = 0;
		};
/* End PBXSourcesBuildPhase section */

/* Begin XCBuildConfiguration section */
		7104187226A941E600443BEA /* Debug */ = {
			isa = XCBuildConfiguration;
			buildSettings = {
				ALWAYS_SEARCH_USER_PATHS = NO;
				CLANG_ANALYZER_NONNULL = YES;
				CLANG_ANALYZER_NUMBER_OBJECT_CONVERSION = YES_AGGRESSIVE;
				CLANG_CXX_LANGUAGE_STANDARD = "gnu++14";
				CLANG_CXX_LIBRARY = "libc++";
				CLANG_ENABLE_MODULES = YES;
				CLANG_ENABLE_OBJC_ARC = YES;
				CLANG_ENABLE_OBJC_WEAK = YES;
				CLANG_WARN_BLOCK_CAPTURE_AUTORELEASING = YES;
				CLANG_WARN_BOOL_CONVERSION = YES;
				CLANG_WARN_COMMA = YES;
				CLANG_WARN_CONSTANT_CONVERSION = YES;
				CLANG_WARN_DEPRECATED_OBJC_IMPLEMENTATIONS = YES;
				CLANG_WARN_DIRECT_OBJC_ISA_USAGE = YES_ERROR;
				CLANG_WARN_DOCUMENTATION_COMMENTS = YES;
				CLANG_WARN_EMPTY_BODY = YES;
				CLANG_WARN_ENUM_CONVERSION = YES;
				CLANG_WARN_INFINITE_RECURSION = YES;
				CLANG_WARN_INT_CONVERSION = YES;
				CLANG_WARN_NON_LITERAL_NULL_CONVERSION = YES;
				CLANG_WARN_OBJC_IMPLICIT_RETAIN_SELF = YES;
				CLANG_WARN_OBJC_LITERAL_CONVERSION = YES;
				CLANG_WARN_OBJC_ROOT_CLASS = YES_ERROR;
				CLANG_WARN_QUOTED_INCLUDE_IN_FRAMEWORK_HEADER = YES;
				CLANG_WARN_RANGE_LOOP_ANALYSIS = YES;
				CLANG_WARN_STRICT_PROTOTYPES = YES;
				CLANG_WARN_SUSPICIOUS_MOVE = YES;
				CLANG_WARN_UNGUARDED_AVAILABILITY = YES_AGGRESSIVE;
				CLANG_WARN_UNREACHABLE_CODE = YES;
				CLANG_WARN__DUPLICATE_METHOD_MATCH = YES;
				COPY_PHASE_STRIP = NO;
				DEBUG_INFORMATION_FORMAT = dwarf;
				ENABLE_STRICT_OBJC_MSGSEND = YES;
				ENABLE_TESTABILITY = YES;
				GCC_C_LANGUAGE_STANDARD = gnu11;
				GCC_DYNAMIC_NO_PIC = NO;
				GCC_NO_COMMON_BLOCKS = YES;
				GCC_OPTIMIZATION_LEVEL = 0;
				GCC_PREPROCESSOR_DEFINITIONS = (
					"DEBUG=1",
					"$(inherited)",
				);
				GCC_WARN_64_TO_32_BIT_CONVERSION = YES;
				GCC_WARN_ABOUT_RETURN_TYPE = YES_ERROR;
				GCC_WARN_UNDECLARED_SELECTOR = YES;
				GCC_WARN_UNINITIALIZED_AUTOS = YES_AGGRESSIVE;
				GCC_WARN_UNUSED_FUNCTION = YES;
				GCC_WARN_UNUSED_VARIABLE = YES;
				IPHONEOS_DEPLOYMENT_TARGET = 14.5;
				MTL_ENABLE_DEBUG_INFO = INCLUDE_SOURCE;
				MTL_FAST_MATH = YES;
				ONLY_ACTIVE_ARCH = YES;
				SDKROOT = iphoneos;
				SWIFT_ACTIVE_COMPILATION_CONDITIONS = DEBUG;
				SWIFT_OPTIMIZATION_LEVEL = "-Onone";
			};
			name = Debug;
		};
		7104187326A941E600443BEA /* Release */ = {
			isa = XCBuildConfiguration;
			buildSettings = {
				ALWAYS_SEARCH_USER_PATHS = NO;
				CLANG_ANALYZER_NONNULL = YES;
				CLANG_ANALYZER_NUMBER_OBJECT_CONVERSION = YES_AGGRESSIVE;
				CLANG_CXX_LANGUAGE_STANDARD = "gnu++14";
				CLANG_CXX_LIBRARY = "libc++";
				CLANG_ENABLE_MODULES = YES;
				CLANG_ENABLE_OBJC_ARC = YES;
				CLANG_ENABLE_OBJC_WEAK = YES;
				CLANG_WARN_BLOCK_CAPTURE_AUTORELEASING = YES;
				CLANG_WARN_BOOL_CONVERSION = YES;
				CLANG_WARN_COMMA = YES;
				CLANG_WARN_CONSTANT_CONVERSION = YES;
				CLANG_WARN_DEPRECATED_OBJC_IMPLEMENTATIONS = YES;
				CLANG_WARN_DIRECT_OBJC_ISA_USAGE = YES_ERROR;
				CLANG_WARN_DOCUMENTATION_COMMENTS = YES;
				CLANG_WARN_EMPTY_BODY = YES;
				CLANG_WARN_ENUM_CONVERSION = YES;
				CLANG_WARN_INFINITE_RECURSION = YES;
				CLANG_WARN_INT_CONVERSION = YES;
				CLANG_WARN_NON_LITERAL_NULL_CONVERSION = YES;
				CLANG_WARN_OBJC_IMPLICIT_RETAIN_SELF = YES;
				CLANG_WARN_OBJC_LITERAL_CONVERSION = YES;
				CLANG_WARN_OBJC_ROOT_CLASS = YES_ERROR;
				CLANG_WARN_QUOTED_INCLUDE_IN_FRAMEWORK_HEADER = YES;
				CLANG_WARN_RANGE_LOOP_ANALYSIS = YES;
				CLANG_WARN_STRICT_PROTOTYPES = YES;
				CLANG_WARN_SUSPICIOUS_MOVE = YES;
				CLANG_WARN_UNGUARDED_AVAILABILITY = YES_AGGRESSIVE;
				CLANG_WARN_UNREACHABLE_CODE = YES;
				CLANG_WARN__DUPLICATE_METHOD_MATCH = YES;
				COPY_PHASE_STRIP = NO;
				DEBUG_INFORMATION_FORMAT = "dwarf-with-dsym";
				ENABLE_NS_ASSERTIONS = NO;
				ENABLE_STRICT_OBJC_MSGSEND = YES;
				GCC_C_LANGUAGE_STANDARD = gnu11;
				GCC_NO_COMMON_BLOCKS = YES;
				GCC_WARN_64_TO_32_BIT_CONVERSION = YES;
				GCC_WARN_ABOUT_RETURN_TYPE = YES_ERROR;
				GCC_WARN_UNDECLARED_SELECTOR = YES;
				GCC_WARN_UNINITIALIZED_AUTOS = YES_AGGRESSIVE;
				GCC_WARN_UNUSED_FUNCTION = YES;
				GCC_WARN_UNUSED_VARIABLE = YES;
				IPHONEOS_DEPLOYMENT_TARGET = 14.5;
				MTL_ENABLE_DEBUG_INFO = NO;
				MTL_FAST_MATH = YES;
				SDKROOT = iphoneos;
				SWIFT_COMPILATION_MODE = wholemodule;
				SWIFT_OPTIMIZATION_LEVEL = "-O";
				VALIDATE_PRODUCT = YES;
			};
			name = Release;
		};
		7104187526A941E600443BEA /* Debug */ = {
			isa = XCBuildConfiguration;
			buildSettings = {
				ASSETCATALOG_COMPILER_APPICON_NAME = AppIcon;
				ASSETCATALOG_COMPILER_GLOBAL_ACCENT_COLOR_NAME = AccentColor;
				CODE_SIGN_ENTITLEMENTS = DubDubGrub/DubDubGrub.entitlements;
				CODE_SIGN_STYLE = Automatic;
				DEVELOPMENT_ASSET_PATHS = "\"DubDubGrub/Preview Content\"";
				DEVELOPMENT_TEAM = UF94N945G8;
				ENABLE_PREVIEWS = YES;
				INFOPLIST_FILE = DubDubGrub/Info.plist;
				IPHONEOS_DEPLOYMENT_TARGET = 14.0;
				LD_RUNPATH_SEARCH_PATHS = (
					"$(inherited)",
					"@executable_path/Frameworks",
				);
				PRODUCT_BUNDLE_IDENTIFIER = com.ConnorHammond.DubDubGrub;
				PRODUCT_NAME = "$(TARGET_NAME)";
				SWIFT_VERSION = 5.0;
				TARGETED_DEVICE_FAMILY = "1,2";
			};
			name = Debug;
		};
		7104187626A941E600443BEA /* Release */ = {
			isa = XCBuildConfiguration;
			buildSettings = {
				ASSETCATALOG_COMPILER_APPICON_NAME = AppIcon;
				ASSETCATALOG_COMPILER_GLOBAL_ACCENT_COLOR_NAME = AccentColor;
				CODE_SIGN_ENTITLEMENTS = DubDubGrub/DubDubGrub.entitlements;
				CODE_SIGN_STYLE = Automatic;
				DEVELOPMENT_ASSET_PATHS = "\"DubDubGrub/Preview Content\"";
				DEVELOPMENT_TEAM = UF94N945G8;
				ENABLE_PREVIEWS = YES;
				INFOPLIST_FILE = DubDubGrub/Info.plist;
				IPHONEOS_DEPLOYMENT_TARGET = 14.0;
				LD_RUNPATH_SEARCH_PATHS = (
					"$(inherited)",
					"@executable_path/Frameworks",
				);
				PRODUCT_BUNDLE_IDENTIFIER = com.ConnorHammond.DubDubGrub;
				PRODUCT_NAME = "$(TARGET_NAME)";
				SWIFT_VERSION = 5.0;
				TARGETED_DEVICE_FAMILY = "1,2";
			};
			name = Release;
		};
/* End XCBuildConfiguration section */

/* Begin XCConfigurationList section */
		7104186026A941E200443BEA /* Build configuration list for PBXProject "DubDubGrub" */ = {
			isa = XCConfigurationList;
			buildConfigurations = (
				7104187226A941E600443BEA /* Debug */,
				7104187326A941E600443BEA /* Release */,
			);
			defaultConfigurationIsVisible = 0;
			defaultConfigurationName = Release;
		};
		7104187426A941E600443BEA /* Build configuration list for PBXNativeTarget "DubDubGrub" */ = {
			isa = XCConfigurationList;
			buildConfigurations = (
				7104187526A941E600443BEA /* Debug */,
				7104187626A941E600443BEA /* Release */,
			);
			defaultConfigurationIsVisible = 0;
			defaultConfigurationName = Release;
		};
/* End XCConfigurationList section */
	};
	rootObject = 7104185D26A941E200443BEA /* Project object */;
}
